// !$*UTF8*$!
{
	archiveVersion = 1;
	classes = {
	};
	objectVersion = 56;
	objects = {

/* Begin PBXBuildFile section */
		570A8EFF295A29FE00322409 /* FileManager-Documents.swift in Sources */ = {isa = PBXBuildFile; fileRef = 570A8EFE295A29FE00322409 /* FileManager-Documents.swift */; };
		5730AF79294CFB6300B0F706 /* RollView.swift in Sources */ = {isa = PBXBuildFile; fileRef = 5730AF78294CFB6300B0F706 /* RollView.swift */; };
		5730AF7B294CFB8400B0F706 /* RollView-ViewModel.swift in Sources */ = {isa = PBXBuildFile; fileRef = 5730AF7A294CFB8400B0F706 /* RollView-ViewModel.swift */; };
		5730AF7D294CFD1300B0F706 /* HistoryView.swift in Sources */ = {isa = PBXBuildFile; fileRef = 5730AF7C294CFD1300B0F706 /* HistoryView.swift */; };
		5730AF7F294CFD5200B0F706 /* HistoryView-ViewModel.swift in Sources */ = {isa = PBXBuildFile; fileRef = 5730AF7E294CFD5200B0F706 /* HistoryView-ViewModel.swift */; };
		5730AF81294CFD7900B0F706 /* SettingsView.swift in Sources */ = {isa = PBXBuildFile; fileRef = 5730AF80294CFD7900B0F706 /* SettingsView.swift */; };
		5730AF83294CFDD500B0F706 /* SettingsView-ViewModel.swift in Sources */ = {isa = PBXBuildFile; fileRef = 5730AF82294CFDD500B0F706 /* SettingsView-ViewModel.swift */; };
		574CDABD2950948700AD8B14 /* DiceStepper.swift in Sources */ = {isa = PBXBuildFile; fileRef = 574CDABC2950948700AD8B14 /* DiceStepper.swift */; };
		575EDA962947CE1800BB550D /* Shape.swift in Sources */ = {isa = PBXBuildFile; fileRef = 575EDA952947CE1800BB550D /* Shape.swift */; };
		5789669529546FFA008AF1B8 /* DieRolledView.swift in Sources */ = {isa = PBXBuildFile; fileRef = 5789669429546FFA008AF1B8 /* DieRolledView.swift */; };
		5789669729547A99008AF1B8 /* DieRolledView-ViewModel.swift in Sources */ = {isa = PBXBuildFile; fileRef = 5789669629547A99008AF1B8 /* DieRolledView-ViewModel.swift */; };
		579A8A1D294FFC7B00BAB964 /* Roll.swift in Sources */ = {isa = PBXBuildFile; fileRef = 579A8A1C294FFC7B00BAB964 /* Roll.swift */; };
		57D97A3C2947481F00F9A921 /* HighRollersApp.swift in Sources */ = {isa = PBXBuildFile; fileRef = 57D97A3B2947481F00F9A921 /* HighRollersApp.swift */; };
		57D97A3E2947481F00F9A921 /* ContentView.swift in Sources */ = {isa = PBXBuildFile; fileRef = 57D97A3D2947481F00F9A921 /* ContentView.swift */; };
		57D97A402947482000F9A921 /* Assets.xcassets in Resources */ = {isa = PBXBuildFile; fileRef = 57D97A3F2947482000F9A921 /* Assets.xcassets */; };
		57D97A432947482000F9A921 /* Preview Assets.xcassets in Resources */ = {isa = PBXBuildFile; fileRef = 57D97A422947482000F9A921 /* Preview Assets.xcassets */; };
		57D97A4D294748B600F9A921 /* Die.swift in Sources */ = {isa = PBXBuildFile; fileRef = 57D97A4C294748B600F9A921 /* Die.swift */; };
		57E09CCD2960A9F8001AE9A5 /* DieGridView.swift in Sources */ = {isa = PBXBuildFile; fileRef = 57E09CCC2960A9F8001AE9A5 /* DieGridView.swift */; };
		57E09CCF2960AA60001AE9A5 /* DieGridView-ViewModel.swift in Sources */ = {isa = PBXBuildFile; fileRef = 57E09CCE2960AA60001AE9A5 /* DieGridView-ViewModel.swift */; };
/* End PBXBuildFile section */

/* Begin PBXFileReference section */
		570A8EFE295A29FE00322409 /* FileManager-Documents.swift */ = {isa = PBXFileReference; lastKnownFileType = sourcecode.swift; path = "FileManager-Documents.swift"; sourceTree = "<group>"; };
		5730AF78294CFB6300B0F706 /* RollView.swift */ = {isa = PBXFileReference; lastKnownFileType = sourcecode.swift; path = RollView.swift; sourceTree = "<group>"; };
		5730AF7A294CFB8400B0F706 /* RollView-ViewModel.swift */ = {isa = PBXFileReference; lastKnownFileType = sourcecode.swift; path = "RollView-ViewModel.swift"; sourceTree = "<group>"; };
		5730AF7C294CFD1300B0F706 /* HistoryView.swift */ = {isa = PBXFileReference; lastKnownFileType = sourcecode.swift; path = HistoryView.swift; sourceTree = "<group>"; };
		5730AF7E294CFD5200B0F706 /* HistoryView-ViewModel.swift */ = {isa = PBXFileReference; lastKnownFileType = sourcecode.swift; path = "HistoryView-ViewModel.swift"; sourceTree = "<group>"; };
		5730AF80294CFD7900B0F706 /* SettingsView.swift */ = {isa = PBXFileReference; lastKnownFileType = sourcecode.swift; path = SettingsView.swift; sourceTree = "<group>"; };
		5730AF82294CFDD500B0F706 /* SettingsView-ViewModel.swift */ = {isa = PBXFileReference; lastKnownFileType = sourcecode.swift; path = "SettingsView-ViewModel.swift"; sourceTree = "<group>"; };
		574CDABC2950948700AD8B14 /* DiceStepper.swift */ = {isa = PBXFileReference; lastKnownFileType = sourcecode.swift; path = DiceStepper.swift; sourceTree = "<group>"; };
		575EDA952947CE1800BB550D /* Shape.swift */ = {isa = PBXFileReference; lastKnownFileType = sourcecode.swift; path = Shape.swift; sourceTree = "<group>"; };
		5789669429546FFA008AF1B8 /* DieRolledView.swift */ = {isa = PBXFileReference; lastKnownFileType = sourcecode.swift; path = DieRolledView.swift; sourceTree = "<group>"; };
		5789669629547A99008AF1B8 /* DieRolledView-ViewModel.swift */ = {isa = PBXFileReference; lastKnownFileType = sourcecode.swift; path = "DieRolledView-ViewModel.swift"; sourceTree = "<group>"; };
		579A8A1C294FFC7B00BAB964 /* Roll.swift */ = {isa = PBXFileReference; lastKnownFileType = sourcecode.swift; path = Roll.swift; sourceTree = "<group>"; };
		57D97A382947481F00F9A921 /* HighRollers.app */ = {isa = PBXFileReference; explicitFileType = wrapper.application; includeInIndex = 0; path = HighRollers.app; sourceTree = BUILT_PRODUCTS_DIR; };
		57D97A3B2947481F00F9A921 /* HighRollersApp.swift */ = {isa = PBXFileReference; lastKnownFileType = sourcecode.swift; path = HighRollersApp.swift; sourceTree = "<group>"; };
		57D97A3D2947481F00F9A921 /* ContentView.swift */ = {isa = PBXFileReference; lastKnownFileType = sourcecode.swift; path = ContentView.swift; sourceTree = "<group>"; };
		57D97A3F2947482000F9A921 /* Assets.xcassets */ = {isa = PBXFileReference; lastKnownFileType = folder.assetcatalog; path = Assets.xcassets; sourceTree = "<group>"; };
		57D97A422947482000F9A921 /* Preview Assets.xcassets */ = {isa = PBXFileReference; lastKnownFileType = folder.assetcatalog; path = "Preview Assets.xcassets"; sourceTree = "<group>"; };
		57D97A4C294748B600F9A921 /* Die.swift */ = {isa = PBXFileReference; lastKnownFileType = sourcecode.swift; path = Die.swift; sourceTree = "<group>"; };
		57E09CCC2960A9F8001AE9A5 /* DieGridView.swift */ = {isa = PBXFileReference; lastKnownFileType = sourcecode.swift; path = DieGridView.swift; sourceTree = "<group>"; };
		57E09CCE2960AA60001AE9A5 /* DieGridView-ViewModel.swift */ = {isa = PBXFileReference; lastKnownFileType = sourcecode.swift; path = "DieGridView-ViewModel.swift"; sourceTree = "<group>"; };
/* End PBXFileReference section */

/* Begin PBXFrameworksBuildPhase section */
		57D97A352947481F00F9A921 /* Frameworks */ = {
			isa = PBXFrameworksBuildPhase;
			buildActionMask = 2147483647;
			files = (
			);
			runOnlyForDeploymentPostprocessing = 0;
		};
/* End PBXFrameworksBuildPhase section */

/* Begin PBXGroup section */
		570A8EFD295A29DA00322409 /* Data Management */ = {
			isa = PBXGroup;
			children = (
				570A8EFE295A29FE00322409 /* FileManager-Documents.swift */,
			);
			path = "Data Management";
			sourceTree = "<group>";
		};
		5775073729565364002A8CC8 /* Elements */ = {
			isa = PBXGroup;
			children = (
				57D97A4C294748B600F9A921 /* Die.swift */,
				57E09CCC2960A9F8001AE9A5 /* DieGridView.swift */,
				574CDABC2950948700AD8B14 /* DiceStepper.swift */,
			);
			path = Elements;
			sourceTree = "<group>";
		};
		57D97A2F2947481F00F9A921 = {
			isa = PBXGroup;
			children = (
				57D97A3A2947481F00F9A921 /* HighRollers */,
				57D97A392947481F00F9A921 /* Products */,
			);
			sourceTree = "<group>";
		};
		57D97A392947481F00F9A921 /* Products */ = {
			isa = PBXGroup;
			children = (
				57D97A382947481F00F9A921 /* HighRollers.app */,
			);
			name = Products;
			sourceTree = "<group>";
		};
		57D97A3A2947481F00F9A921 /* HighRollers */ = {
			isa = PBXGroup;
			children = (
				57D97A3B2947481F00F9A921 /* HighRollersApp.swift */,
				57D97A4A2947486100F9A921 /* Model */,
				57D97A492947485A00F9A921 /* View */,
				57D97A4B2947486800F9A921 /* ViewModel */,
				57D97A3F2947482000F9A921 /* Assets.xcassets */,
				57D97A412947482000F9A921 /* Preview Content */,
			);
			path = HighRollers;
			sourceTree = "<group>";
		};
		57D97A412947482000F9A921 /* Preview Content */ = {
			isa = PBXGroup;
			children = (
				57D97A422947482000F9A921 /* Preview Assets.xcassets */,
			);
			path = "Preview Content";
			sourceTree = "<group>";
		};
		57D97A492947485A00F9A921 /* View */ = {
			isa = PBXGroup;
			children = (
				57D97A3D2947481F00F9A921 /* ContentView.swift */,
				5730AF78294CFB6300B0F706 /* RollView.swift */,
				5730AF7C294CFD1300B0F706 /* HistoryView.swift */,
				5730AF80294CFD7900B0F706 /* SettingsView.swift */,
				5789669429546FFA008AF1B8 /* DieRolledView.swift */,
				5775073729565364002A8CC8 /* Elements */,
			);
			path = View;
			sourceTree = "<group>";
		};
		57D97A4A2947486100F9A921 /* Model */ = {
			isa = PBXGroup;
			children = (
				575EDA952947CE1800BB550D /* Shape.swift */,
				579A8A1C294FFC7B00BAB964 /* Roll.swift */,
				570A8EFD295A29DA00322409 /* Data Management */,
			);
			path = Model;
			sourceTree = "<group>";
		};
		57D97A4B2947486800F9A921 /* ViewModel */ = {
			isa = PBXGroup;
			children = (
				5730AF7A294CFB8400B0F706 /* RollView-ViewModel.swift */,
				57E09CCE2960AA60001AE9A5 /* DieGridView-ViewModel.swift */,
				5789669629547A99008AF1B8 /* DieRolledView-ViewModel.swift */,
				5730AF7E294CFD5200B0F706 /* HistoryView-ViewModel.swift */,
				5730AF82294CFDD500B0F706 /* SettingsView-ViewModel.swift */,
			);
			path = ViewModel;
			sourceTree = "<group>";
		};
/* End PBXGroup section */

/* Begin PBXNativeTarget section */
		57D97A372947481F00F9A921 /* HighRollers */ = {
			isa = PBXNativeTarget;
			buildConfigurationList = 57D97A462947482000F9A921 /* Build configuration list for PBXNativeTarget "HighRollers" */;
			buildPhases = (
				57D97A342947481F00F9A921 /* Sources */,
				57D97A352947481F00F9A921 /* Frameworks */,
				57D97A362947481F00F9A921 /* Resources */,
			);
			buildRules = (
			);
			dependencies = (
			);
			name = HighRollers;
			packageProductDependencies = (
			);
			productName = HighRollers;
			productReference = 57D97A382947481F00F9A921 /* HighRollers.app */;
			productType = "com.apple.product-type.application";
		};
/* End PBXNativeTarget section */

/* Begin PBXProject section */
		57D97A302947481F00F9A921 /* Project object */ = {
			isa = PBXProject;
			attributes = {
				BuildIndependentTargetsInParallel = 1;
				LastSwiftUpdateCheck = 1410;
				LastUpgradeCheck = 1410;
				TargetAttributes = {
					57D97A372947481F00F9A921 = {
						CreatedOnToolsVersion = 14.1;
					};
				};
			};
			buildConfigurationList = 57D97A332947481F00F9A921 /* Build configuration list for PBXProject "HighRollers" */;
			compatibilityVersion = "Xcode 14.0";
			developmentRegion = en;
			hasScannedForEncodings = 0;
			knownRegions = (
				en,
				Base,
			);
			mainGroup = 57D97A2F2947481F00F9A921;
			packageReferences = (
			);
			productRefGroup = 57D97A392947481F00F9A921 /* Products */;
			projectDirPath = "";
			projectRoot = "";
			targets = (
				57D97A372947481F00F9A921 /* HighRollers */,
			);
		};
/* End PBXProject section */

/* Begin PBXResourcesBuildPhase section */
		57D97A362947481F00F9A921 /* Resources */ = {
			isa = PBXResourcesBuildPhase;
			buildActionMask = 2147483647;
			files = (
				57D97A432947482000F9A921 /* Preview Assets.xcassets in Resources */,
				57D97A402947482000F9A921 /* Assets.xcassets in Resources */,
			);
			runOnlyForDeploymentPostprocessing = 0;
		};
/* End PBXResourcesBuildPhase section */

/* Begin PBXSourcesBuildPhase section */
		57D97A342947481F00F9A921 /* Sources */ = {
			isa = PBXSourcesBuildPhase;
			buildActionMask = 2147483647;
			files = (
				570A8EFF295A29FE00322409 /* FileManager-Documents.swift in Sources */,
				5730AF7D294CFD1300B0F706 /* HistoryView.swift in Sources */,
				57D97A3E2947481F00F9A921 /* ContentView.swift in Sources */,
				57E09CCF2960AA60001AE9A5 /* DieGridView-ViewModel.swift in Sources */,
				57D97A4D294748B600F9A921 /* Die.swift in Sources */,
				5730AF81294CFD7900B0F706 /* SettingsView.swift in Sources */,
				5730AF83294CFDD500B0F706 /* SettingsView-ViewModel.swift in Sources */,
				5789669729547A99008AF1B8 /* DieRolledView-ViewModel.swift in Sources */,
				5789669529546FFA008AF1B8 /* DieRolledView.swift in Sources */,
				5730AF79294CFB6300B0F706 /* RollView.swift in Sources */,
				5730AF7F294CFD5200B0F706 /* HistoryView-ViewModel.swift in Sources */,
				57D97A3C2947481F00F9A921 /* HighRollersApp.swift in Sources */,
				574CDABD2950948700AD8B14 /* DiceStepper.swift in Sources */,
				579A8A1D294FFC7B00BAB964 /* Roll.swift in Sources */,
				5730AF7B294CFB8400B0F706 /* RollView-ViewModel.swift in Sources */,
				575EDA962947CE1800BB550D /* Shape.swift in Sources */,
				57E09CCD2960A9F8001AE9A5 /* DieGridView.swift in Sources */,
			);
			runOnlyForDeploymentPostprocessing = 0;
		};
/* End PBXSourcesBuildPhase section */

/* Begin XCBuildConfiguration section */
		57D97A442947482000F9A921 /* Debug */ = {
			isa = XCBuildConfiguration;
			buildSettings = {
				ALWAYS_SEARCH_USER_PATHS = NO;
				CLANG_ANALYZER_NONNULL = YES;
				CLANG_ANALYZER_NUMBER_OBJECT_CONVERSION = YES_AGGRESSIVE;
				CLANG_CXX_LANGUAGE_STANDARD = "gnu++20";
				CLANG_ENABLE_MODULES = YES;
				CLANG_ENABLE_OBJC_ARC = YES;
				CLANG_ENABLE_OBJC_WEAK = YES;
				CLANG_WARN_BLOCK_CAPTURE_AUTORELEASING = YES;
				CLANG_WARN_BOOL_CONVERSION = YES;
				CLANG_WARN_COMMA = YES;
				CLANG_WARN_CONSTANT_CONVERSION = YES;
				CLANG_WARN_DEPRECATED_OBJC_IMPLEMENTATIONS = YES;
				CLANG_WARN_DIRECT_OBJC_ISA_USAGE = YES_ERROR;
				CLANG_WARN_DOCUMENTATION_COMMENTS = YES;
				CLANG_WARN_EMPTY_BODY = YES;
				CLANG_WARN_ENUM_CONVERSION = YES;
				CLANG_WARN_INFINITE_RECURSION = YES;
				CLANG_WARN_INT_CONVERSION = YES;
				CLANG_WARN_NON_LITERAL_NULL_CONVERSION = YES;
				CLANG_WARN_OBJC_IMPLICIT_RETAIN_SELF = YES;
				CLANG_WARN_OBJC_LITERAL_CONVERSION = YES;
				CLANG_WARN_OBJC_ROOT_CLASS = YES_ERROR;
				CLANG_WARN_QUOTED_INCLUDE_IN_FRAMEWORK_HEADER = YES;
				CLANG_WARN_RANGE_LOOP_ANALYSIS = YES;
				CLANG_WARN_STRICT_PROTOTYPES = YES;
				CLANG_WARN_SUSPICIOUS_MOVE = YES;
				CLANG_WARN_UNGUARDED_AVAILABILITY = YES_AGGRESSIVE;
				CLANG_WARN_UNREACHABLE_CODE = YES;
				CLANG_WARN__DUPLICATE_METHOD_MATCH = YES;
				COPY_PHASE_STRIP = NO;
				DEBUG_INFORMATION_FORMAT = dwarf;
				ENABLE_STRICT_OBJC_MSGSEND = YES;
				ENABLE_TESTABILITY = YES;
				GCC_C_LANGUAGE_STANDARD = gnu11;
				GCC_DYNAMIC_NO_PIC = NO;
				GCC_NO_COMMON_BLOCKS = YES;
				GCC_OPTIMIZATION_LEVEL = 0;
				GCC_PREPROCESSOR_DEFINITIONS = (
					"DEBUG=1",
					"$(inherited)",
				);
				GCC_WARN_64_TO_32_BIT_CONVERSION = YES;
				GCC_WARN_ABOUT_RETURN_TYPE = YES_ERROR;
				GCC_WARN_UNDECLARED_SELECTOR = YES;
				GCC_WARN_UNINITIALIZED_AUTOS = YES_AGGRESSIVE;
				GCC_WARN_UNUSED_FUNCTION = YES;
				GCC_WARN_UNUSED_VARIABLE = YES;
				IPHONEOS_DEPLOYMENT_TARGET = 16.1;
				MTL_ENABLE_DEBUG_INFO = INCLUDE_SOURCE;
				MTL_FAST_MATH = YES;
				ONLY_ACTIVE_ARCH = YES;
				SDKROOT = iphoneos;
				SWIFT_ACTIVE_COMPILATION_CONDITIONS = DEBUG;
				SWIFT_OPTIMIZATION_LEVEL = "-Onone";
			};
			name = Debug;
		};
		57D97A452947482000F9A921 /* Release */ = {
			isa = XCBuildConfiguration;
			buildSettings = {
				ALWAYS_SEARCH_USER_PATHS = NO;
				CLANG_ANALYZER_NONNULL = YES;
				CLANG_ANALYZER_NUMBER_OBJECT_CONVERSION = YES_AGGRESSIVE;
				CLANG_CXX_LANGUAGE_STANDARD = "gnu++20";
				CLANG_ENABLE_MODULES = YES;
				CLANG_ENABLE_OBJC_ARC = YES;
				CLANG_ENABLE_OBJC_WEAK = YES;
				CLANG_WARN_BLOCK_CAPTURE_AUTORELEASING = YES;
				CLANG_WARN_BOOL_CONVERSION = YES;
				CLANG_WARN_COMMA = YES;
				CLANG_WARN_CONSTANT_CONVERSION = YES;
				CLANG_WARN_DEPRECATED_OBJC_IMPLEMENTATIONS = YES;
				CLANG_WARN_DIRECT_OBJC_ISA_USAGE = YES_ERROR;
				CLANG_WARN_DOCUMENTATION_COMMENTS = YES;
				CLANG_WARN_EMPTY_BODY = YES;
				CLANG_WARN_ENUM_CONVERSION = YES;
				CLANG_WARN_INFINITE_RECURSION = YES;
				CLANG_WARN_INT_CONVERSION = YES;
				CLANG_WARN_NON_LITERAL_NULL_CONVERSION = YES;
				CLANG_WARN_OBJC_IMPLICIT_RETAIN_SELF = YES;
				CLANG_WARN_OBJC_LITERAL_CONVERSION = YES;
				CLANG_WARN_OBJC_ROOT_CLASS = YES_ERROR;
				CLANG_WARN_QUOTED_INCLUDE_IN_FRAMEWORK_HEADER = YES;
				CLANG_WARN_RANGE_LOOP_ANALYSIS = YES;
				CLANG_WARN_STRICT_PROTOTYPES = YES;
				CLANG_WARN_SUSPICIOUS_MOVE = YES;
				CLANG_WARN_UNGUARDED_AVAILABILITY = YES_AGGRESSIVE;
				CLANG_WARN_UNREACHABLE_CODE = YES;
				CLANG_WARN__DUPLICATE_METHOD_MATCH = YES;
				COPY_PHASE_STRIP = NO;
				DEBUG_INFORMATION_FORMAT = "dwarf-with-dsym";
				ENABLE_NS_ASSERTIONS = NO;
				ENABLE_STRICT_OBJC_MSGSEND = YES;
				GCC_C_LANGUAGE_STANDARD = gnu11;
				GCC_NO_COMMON_BLOCKS = YES;
				GCC_WARN_64_TO_32_BIT_CONVERSION = YES;
				GCC_WARN_ABOUT_RETURN_TYPE = YES_ERROR;
				GCC_WARN_UNDECLARED_SELECTOR = YES;
				GCC_WARN_UNINITIALIZED_AUTOS = YES_AGGRESSIVE;
				GCC_WARN_UNUSED_FUNCTION = YES;
				GCC_WARN_UNUSED_VARIABLE = YES;
				IPHONEOS_DEPLOYMENT_TARGET = 16.1;
				MTL_ENABLE_DEBUG_INFO = NO;
				MTL_FAST_MATH = YES;
				SDKROOT = iphoneos;
				SWIFT_COMPILATION_MODE = wholemodule;
				SWIFT_OPTIMIZATION_LEVEL = "-O";
				VALIDATE_PRODUCT = YES;
			};
			name = Release;
		};
		57D97A472947482000F9A921 /* Debug */ = {
			isa = XCBuildConfiguration;
			buildSettings = {
				ASSETCATALOG_COMPILER_APPICON_NAME = AppIcon;
				ASSETCATALOG_COMPILER_GLOBAL_ACCENT_COLOR_NAME = AccentColor;
				CODE_SIGN_STYLE = Automatic;
				CURRENT_PROJECT_VERSION = 1;
				DEVELOPMENT_ASSET_PATHS = "\"HighRollers/Preview Content\"";
				DEVELOPMENT_TEAM = 3LPAZYKA42;
				ENABLE_PREVIEWS = YES;
				GENERATE_INFOPLIST_FILE = YES;
				INFOPLIST_KEY_UIApplicationSceneManifest_Generation = YES;
				INFOPLIST_KEY_UIApplicationSupportsIndirectInputEvents = YES;
				INFOPLIST_KEY_UILaunchScreen_Generation = YES;
				INFOPLIST_KEY_UISupportedInterfaceOrientations_iPad = "UIInterfaceOrientationPortrait UIInterfaceOrientationPortraitUpsideDown UIInterfaceOrientationLandscapeLeft UIInterfaceOrientationLandscapeRight";
				INFOPLIST_KEY_UISupportedInterfaceOrientations_iPhone = "UIInterfaceOrientationPortrait UIInterfaceOrientationLandscapeLeft UIInterfaceOrientationLandscapeRight";
				LD_RUNPATH_SEARCH_PATHS = (
					"$(inherited)",
					"@executable_path/Frameworks",
				);
				MARKETING_VERSION = 1.0;
				PRODUCT_BUNDLE_IDENTIFIER = com.wells.justin.HighRollers;
				PRODUCT_NAME = "$(TARGET_NAME)";
				SWIFT_EMIT_LOC_STRINGS = YES;
				SWIFT_VERSION = 5.0;
				TARGETED_DEVICE_FAMILY = "1,2";
			};
			name = Debug;
		};
		57D97A482947482000F9A921 /* Release */ = {
			isa = XCBuildConfiguration;
			buildSettings = {
				ASSETCATALOG_COMPILER_APPICON_NAME = AppIcon;
				ASSETCATALOG_COMPILER_GLOBAL_ACCENT_COLOR_NAME = AccentColor;
				CODE_SIGN_STYLE = Automatic;
				CURRENT_PROJECT_VERSION = 1;
				DEVELOPMENT_ASSET_PATHS = "\"HighRollers/Preview Content\"";
				DEVELOPMENT_TEAM = 3LPAZYKA42;
				ENABLE_PREVIEWS = YES;
				GENERATE_INFOPLIST_FILE = YES;
				INFOPLIST_KEY_UIApplicationSceneManifest_Generation = YES;
				INFOPLIST_KEY_UIApplicationSupportsIndirectInputEvents = YES;
				INFOPLIST_KEY_UILaunchScreen_Generation = YES;
				INFOPLIST_KEY_UISupportedInterfaceOrientations_iPad = "UIInterfaceOrientationPortrait UIInterfaceOrientationPortraitUpsideDown UIInterfaceOrientationLandscapeLeft UIInterfaceOrientationLandscapeRight";
				INFOPLIST_KEY_UISupportedInterfaceOrientations_iPhone = "UIInterfaceOrientationPortrait UIInterfaceOrientationLandscapeLeft UIInterfaceOrientationLandscapeRight";
				LD_RUNPATH_SEARCH_PATHS = (
					"$(inherited)",
					"@executable_path/Frameworks",
				);
				MARKETING_VERSION = 1.0;
				PRODUCT_BUNDLE_IDENTIFIER = com.wells.justin.HighRollers;
				PRODUCT_NAME = "$(TARGET_NAME)";
				SWIFT_EMIT_LOC_STRINGS = YES;
				SWIFT_VERSION = 5.0;
				TARGETED_DEVICE_FAMILY = "1,2";
			};
			name = Release;
		};
/* End XCBuildConfiguration section */

/* Begin XCConfigurationList section */
		57D97A332947481F00F9A921 /* Build configuration list for PBXProject "HighRollers" */ = {
			isa = XCConfigurationList;
			buildConfigurations = (
				57D97A442947482000F9A921 /* Debug */,
				57D97A452947482000F9A921 /* Release */,
			);
			defaultConfigurationIsVisible = 0;
			defaultConfigurationName = Release;
		};
		57D97A462947482000F9A921 /* Build configuration list for PBXNativeTarget "HighRollers" */ = {
			isa = XCConfigurationList;
			buildConfigurations = (
				57D97A472947482000F9A921 /* Debug */,
				57D97A482947482000F9A921 /* Release */,
			);
			defaultConfigurationIsVisible = 0;
			defaultConfigurationName = Release;
		};
/* End XCConfigurationList section */
	};
	rootObject = 57D97A302947481F00F9A921 /* Project object */;
}
